Microsoft Visual Studio Solution File, Format Version 12.00
# Visual Studio Version 17
VisualStudioVersion = 17.5.2.0
MinimumVisualStudioVersion = 10.0.40219.1
Project("{FAE04EC0-301F-11D3-BF4B-00C04F79EFBC}") = "LogisticsProShipment", "LogisticsProShipment.csproj", "{35AEC5D0-7CDA-AEA1-29C0-BD5D833E3FEE}"
EndProject
Global
	GlobalSection(SolutionConfigurationPlatforms) = preSolution
		Debug|Any CPU = Debug|Any CPU
		Release|Any CPU = Release|Any CPU
	EndGlobalSection
	GlobalSection(ProjectConfigurationPlatforms) = postSolution
		{35AEC5D0-7CDA-AEA1-29C0-BD5D833E3FEE}.Debug|Any CPU.ActiveCfg = Debug|Any CPU
		{35AEC5D0-7CDA-AEA1-29C0-BD5D833E3FEE}.Debug|Any CPU.Build.0 = Debug|Any CPU
		{35AEC5D0-7CDA-AEA1-29C0-BD5D833E3FEE}.Release|Any CPU.ActiveCfg = Release|Any CPU
		{35AEC5D0-7CDA-AEA1-29C0-BD5D833E3FEE}.Release|Any CPU.Build.0 = Release|Any CPU
	EndGlobalSection
	GlobalSection(SolutionProperties) = preSolution
		HideSolutionNode = FALSE
	EndGlobalSection
	GlobalSection(ExtensibilityGlobals) = postSolution
		SolutionGuid = {58D87520-0616-4BFF-96DB-1D72D2BFFD7B}
	EndGlobalSection
EndGlobal
